
Microsoft Visual Studio Solution File, Format Version 12.00
# Visual Studio Version 17
VisualStudioVersion = 17.3.32929.385
MinimumVisualStudioVersion = 10.0.40219.1
Project("{FAE04EC0-301F-11D3-BF4B-00C04F79EFBC}") = "AbacusApp", "AbacusApp.csproj", "{A99880A0-5AB6-4572-BF57-39556C118D18}"
EndProject
Global
	GlobalSection(SolutionConfigurationPlatforms) = preSolution
		Debug|Any CPU = Debug|Any CPU
		Release|Any CPU = Release|Any CPU
	EndGlobalSection
	GlobalSection(ProjectConfigurationPlatforms) = postSolution
		{A99880A0-5AB6-4572-BF57-39556C118D18}.Debug|Any CPU.ActiveCfg = Debug|Any CPU
		{A99880A0-5AB6-4572-BF57-39556C118D18}.Debug|Any CPU.Build.0 = Debug|Any CPU
		{A99880A0-5AB6-4572-BF57-39556C118D18}.Release|Any CPU.ActiveCfg = Release|Any CPU
		{A99880A0-5AB6-4572-BF57-39556C118D18}.Release|Any CPU.Build.0 = Release|Any CPU
	EndGlobalSection
	GlobalSection(SolutionProperties) = preSolution
		HideSolutionNode = FALSE
	EndGlobalSection
	GlobalSection(ExtensibilityGlobals) = postSolution
		SolutionGuid = {51FA2281-E5A8-4017-98AC-32EF745ECA87}
	EndGlobalSection
EndGlobal
